
Microsoft Visual Studio Solution File, Format Version 12.00
# Visual Studio Version 17
VisualStudioVersion = 17.9.34728.123
MinimumVisualStudioVersion = 10.0.40219.1
Project("{9A19103F-16F7-4668-BE54-9A1E7A4F7556}") = "Tools", "Tools.csproj", "{B2B8065D-098F-4293-BB64-581511B128BC}"
EndProject
Global
	GlobalSection(SolutionConfigurationPlatforms) = preSolution
		Debug|Any CPU = Debug|Any CPU
		Release|Any CPU = Release|Any CPU
	EndGlobalSection
	GlobalSection(ProjectConfigurationPlatforms) = postSolution
		{B2B8065D-098F-4293-BB64-581511B128BC}.Debug|Any CPU.ActiveCfg = Debug|Any CPU
		{B2B8065D-098F-4293-BB64-581511B128BC}.Debug|Any CPU.Build.0 = Debug|Any CPU
		{B2B8065D-098F-4293-BB64-581511B128BC}.Release|Any CPU.ActiveCfg = Release|Any CPU
		{B2B8065D-098F-4293-BB64-581511B128BC}.Release|Any CPU.Build.0 = Release|Any CPU
	EndGlobalSection
	GlobalSection(SolutionProperties) = preSolution
		HideSolutionNode = FALSE
	EndGlobalSection
	GlobalSection(ExtensibilityGlobals) = postSolution
		SolutionGuid = {7CE9EFBD-5EDF-4F21-9DFB-5648556EED1F}
	EndGlobalSection
EndGlobal
